<?xml version="1.0" encoding="utf-8"?>
<Project ToolsVersion="4.0" xmlns="http://schemas.microsoft.com/developer/msbuild/2003">
  <ItemGroup>
    <Filter Include="Source Files">
      <UniqueIdentifier>{4FC737F1-C7A5-4376-A066-2A32D752A2FF}</UniqueIdentifier>
      <Extensions>cpp;c;cc;cxx;def;odl;idl;hpj;bat;asm;asmx</Extensions>
    </Filter>
    <Filter Include="Header Files">
      <UniqueIdentifier>{93995380-89BD-4b04-88EB-625FBE52EBFB}</UniqueIdentifier>
      <Extensions>h;hh;hpp;hxx;hm;inl;inc;xsd</Extensions>
    </Filter>
    <Filter Include="Resource Files">
      <UniqueIdentifier>{67DA6AB6-F800-4c08-8B7A-83BB121AAD01}</UniqueIdentifier>
      <Extensions>rc;ico;cur;bmp;dlg;rc2;rct;bin;rgs;gif;jpg;jpeg;jpe;resx;tiff;tif;png;wav;mfcribbon-ms</Extensions>
    </Filter>
  </ItemGroup>
  <ItemGroup>
    <ClCompile Include="src\main.cpp">
      <Filter>Source Files</Filter>
    </ClCompile>
    <ClCompile Include="src\Camera.cpp">
      <Filter>Source Files</Filter>
    </ClCompile>
    <ClCompile Include="src\Util\TextRenderer.cpp">
      <Filter>Source Files</Filter>
    </ClCompile>
    <ClCompile Include="src\Util\Shader.cpp">
      <Filter>Source Files</Filter>
    </ClCompile>
    <ClCompile Include="src\Entity\Mesh.cpp">
      <Filter>Source Files</Filter>
    </ClCompile>
    <ClCompile Include="src\Entity\Model.cpp">
      <Filter>Source Files</Filter>
    </ClCompile>
    <ClCompile Include="src\Util\Input.cpp">
      <Filter>Source Files</Filter>
    </ClCompile>
    <ClCompile Include="src\Entity\Entity.cpp">
      <Filter>Source Files</Filter>
    </ClCompile>
    <ClCompile Include="src\Render\ShadowPass.cpp">
      <Filter>Source Files</Filter>
    </ClCompile>
    <ClCompile Include="src\Render\DefaultPass.cpp">
      <Filter>Source Files</Filter>
    </ClCompile>
  </ItemGroup>
  <ItemGroup>
    <Library Include="3rdParty\lib\glfw3.lib" />
    <Library Include="3rdParty\lib\libglew32d.lib" />
  </ItemGroup>
  <ItemGroup>
    <ClInclude Include="3rdParty\include\GL\eglew.h">
      <Filter>Header Files</Filter>
    </ClInclude>
    <ClInclude Include="3rdParty\include\GL\glew.h">
      <Filter>Header Files</Filter>
    </ClInclude>
    <ClInclude Include="3rdParty\include\GL\glxew.h">
      <Filter>Header Files</Filter>
    </ClInclude>
    <ClInclude Include="3rdParty\include\GL\wglew.h">
      <Filter>Header Files</Filter>
    </ClInclude>
    <ClInclude Include="3rdParty\include\GLFW\glfw3.h">
      <Filter>Header Files</Filter>
    </ClInclude>
    <ClInclude Include="3rdParty\include\GLFW\glfw3native.h">
      <Filter>Header Files</Filter>
    </ClInclude>
    <ClInclude Include="src\Camera.h">
      <Filter>Header Files</Filter>
    </ClInclude>
    <ClInclude Include="src\Util\TextRenderer.h">
      <Filter>Header Files</Filter>
    </ClInclude>
    <ClInclude Include="src\Util\Shader.h">
      <Filter>Header Files</Filter>
    </ClInclude>
    <ClInclude Include="src\Entity\Entity.h">
      <Filter>Header Files</Filter>
    </ClInclude>
    <ClInclude Include="src\Entity\Mesh.h">
      <Filter>Header Files</Filter>
    </ClInclude>
    <ClInclude Include="src\Entity\Model.h">
      <Filter>Header Files</Filter>
    </ClInclude>
    <ClInclude Include="src\Util\Input.h">
      <Filter>Header Files</Filter>
    </ClInclude>
    <ClInclude Include="src\Render\ShadowPass.h">
      <Filter>Header Files</Filter>
    </ClInclude>
    <ClInclude Include="src\Render\IRenderPass.h">
      <Filter>Header Files</Filter>
    </ClInclude>
    <ClInclude Include="src\Render\DefaultPass.h">
      <Filter>Header Files</Filter>
    </ClInclude>
  </ItemGroup>
  <ItemGroup>
    <None Include="assets\nanosuit\nanosuit.mtl" />
    <None Include="assets\nanosuit\nanosuit.blend" />
    <None Include="shaders\basic_lighting.fs" />
    <None Include="shaders\basic_lighting.vs" />
    <None Include="shaders\lamp.fs" />
    <None Include="shaders\linear_depth.fs" />
    <None Include="shaders\model_loading.fs" />
    <None Include="shaders\model_loading.vs" />
    <None Include="shaders\shader.fs" />
    <None Include="shaders\shader.vs" />
    <None Include="shaders\single_color.fs" />
    <None Include="shaders\text.fs" />
    <None Include="shaders\text.vs" />
    <None Include="shaders\simpleDepthShader.fs" />
    <None Include="shaders\simpleDepthShader.vs" />
    <None Include="shaders\depthQuad.fs" />
    <None Include="shaders\depthQuad.vs" />
    <None Include="shaders\shadow.fs" />
    <None Include="shaders\shadow.vs" />
    <None Include="shaders\texture.fs" />
    <None Include="shaders\texture.vs" />
  </ItemGroup>
  <ItemGroup>
    <Image Include="assets\container.jpg">
      <Filter>Resource Files</Filter>
    </Image>
    <Image Include="assets\nanosuit\arm_dif.png">
      <Filter>Resource Files</Filter>
    </Image>
    <Image Include="assets\nanosuit\arm_showroom_ddn.png">
      <Filter>Resource Files</Filter>
    </Image>
    <Image Include="assets\nanosuit\arm_showroom_spec.png">
      <Filter>Resource Files</Filter>
    </Image>
    <Image Include="assets\nanosuit\body_dif.png">
      <Filter>Resource Files</Filter>
    </Image>
    <Image Include="assets\nanosuit\body_showroom_ddn.png">
      <Filter>Resource Files</Filter>
    </Image>
    <Image Include="assets\nanosuit\body_showroom_spec.png">
      <Filter>Resource Files</Filter>
    </Image>
    <Image Include="assets\nanosuit\glass_ddn.png">
      <Filter>Resource Files</Filter>
    </Image>
    <Image Include="assets\nanosuit\glass_dif.png">
      <Filter>Resource Files</Filter>
    </Image>
    <Image Include="assets\nanosuit\hand_dif.png">
      <Filter>Resource Files</Filter>
    </Image>
    <Image Include="assets\nanosuit\hand_showroom_ddn.png">
      <Filter>Resource Files</Filter>
    </Image>
    <Image Include="assets\nanosuit\hand_showroom_spec.png">
      <Filter>Resource Files</Filter>
    </Image>
    <Image Include="assets\nanosuit\helmet_diff.png">
      <Filter>Resource Files</Filter>
    </Image>
    <Image Include="assets\nanosuit\helmet_showroom_ddn.png">
      <Filter>Resource Files</Filter>
    </Image>
    <Image Include="assets\nanosuit\helmet_showroom_spec.png">
      <Filter>Resource Files</Filter>
    </Image>
    <Image Include="assets\nanosuit\leg_dif.png">
      <Filter>Resource Files</Filter>
    </Image>
    <Image Include="assets\nanosuit\leg_showroom_ddn.png">
      <Filter>Resource Files</Filter>
    </Image>
    <Image Include="assets\nanosuit\leg_showroom_spec.png">
      <Filter>Resource Files</Filter>
    </Image>
    <Image Include="assets\cursor\cursor.png">
      <Filter>Resource Files</Filter>
    </Image>
  </ItemGroup>
  <ItemGroup>
    <Object Include="assets\nanosuit\nanosuit.obj" />
  </ItemGroup>
  <ItemGroup>
    <Text Include="assets\nanosuit\LICENSE.txt" />
  </ItemGroup>
</Project>